
Microsoft Visual Studio Solution File, Format Version 12.00
# Visual Studio Version 16
VisualStudioVersion = 16.0.30225.117
MinimumVisualStudioVersion = 10.0.40219.1
Project("{FAE04EC0-301F-11D3-BF4B-00C04F79EFBC}") = "WorkingWithFiles", "WorkingWithFiles.csproj", "{0DE8B5A8-B9BC-43E8-974A-5F0FDD2D7CAD}"
EndProject
Global
	GlobalSection(SolutionConfigurationPlatforms) = preSolution
		Debug|Any CPU = Debug|Any CPU
		Release|Any CPU = Release|Any CPU
	EndGlobalSection
	GlobalSection(ProjectConfigurationPlatforms) = postSolution
		{0DE8B5A8-B9BC-43E8-974A-5F0FDD2D7CAD}.Debug|Any CPU.ActiveCfg = Debug|Any CPU
		{0DE8B5A8-B9BC-43E8-974A-5F0FDD2D7CAD}.Debug|Any CPU.Build.0 = Debug|Any CPU
		{0DE8B5A8-B9BC-43E8-974A-5F0FDD2D7CAD}.Release|Any CPU.ActiveCfg = Release|Any CPU
		{0DE8B5A8-B9BC-43E8-974A-5F0FDD2D7CAD}.Release|Any CPU.Build.0 = Release|Any CPU
	EndGlobalSection
	GlobalSection(SolutionProperties) = preSolution
		HideSolutionNode = FALSE
	EndGlobalSection
	GlobalSection(ExtensibilityGlobals) = postSolution
		SolutionGuid = {7592A565-250C-406D-8A6C-0457C38B1EBA}
	EndGlobalSection
EndGlobal
